// !$*UTF8*$!
{
	archiveVersion = 1;
	classes = {
	};
	objectVersion = 56;
	objects = {

/* Begin PBXBuildFile section */
		DE320FBB29F038F300294EFE /* Constants.swift in Sources */ = {isa = PBXBuildFile; fileRef = DE320FBA29F038F300294EFE /* Constants.swift */; };
		DE320FBD29F03EED00294EFE /* ContactViewModel.swift in Sources */ = {isa = PBXBuildFile; fileRef = DE320FBC29F03EED00294EFE /* ContactViewModel.swift */; };
		DE320FBF29F040E700294EFE /* QRCodeView.swift in Sources */ = {isa = PBXBuildFile; fileRef = DE320FBE29F040E700294EFE /* QRCodeView.swift */; };
		DE320FC329F05FEF00294EFE /* minfo_mock.png in Resources */ = {isa = PBXBuildFile; fileRef = DE320FC229F05FEF00294EFE /* minfo_mock.png */; };
		DE52912A29F873AF00E0E6C4 /* GoogleService-Info.plist in Resources */ = {isa = PBXBuildFile; fileRef = DE52912929F873AF00E0E6C4 /* GoogleService-Info.plist */; };
		DE52912D29F8744200E0E6C4 /* FirebaseStorage in Frameworks */ = {isa = PBXBuildFile; productRef = DE52912C29F8744200E0E6C4 /* FirebaseStorage */; };
		DE52912F29F875A200E0E6C4 /* PDFModel.swift in Sources */ = {isa = PBXBuildFile; fileRef = DE52912E29F875A200E0E6C4 /* PDFModel.swift */; };
		DE5A3E9B29F9A78B00178DB1 /* FirebaseDynamicLinks in Frameworks */ = {isa = PBXBuildFile; productRef = DE5A3E9A29F9A78B00178DB1 /* FirebaseDynamicLinks */; };
		DE5A3E9D29F9B36F00178DB1 /* QRCodeViewModel.swift in Sources */ = {isa = PBXBuildFile; fileRef = DE5A3E9C29F9B36F00178DB1 /* QRCodeViewModel.swift */; };
		DE5A3E9F29F9B77000178DB1 /* AddContactView.swift in Sources */ = {isa = PBXBuildFile; fileRef = DE5A3E9E29F9B77000178DB1 /* AddContactView.swift */; };
		DE5A3EA129F9B78100178DB1 /* ContactInfoView.swift in Sources */ = {isa = PBXBuildFile; fileRef = DE5A3EA029F9B78100178DB1 /* ContactInfoView.swift */; };
		DE6B1C4D29E0938000D34877 /* OneCard_iOSApp.swift in Sources */ = {isa = PBXBuildFile; fileRef = DE6B1C4C29E0938000D34877 /* OneCard_iOSApp.swift */; };
		DE6B1C4F29E0938000D34877 /* ContentView.swift in Sources */ = {isa = PBXBuildFile; fileRef = DE6B1C4E29E0938000D34877 /* ContentView.swift */; };
		DE6B1C5129E0938100D34877 /* Assets.xcassets in Resources */ = {isa = PBXBuildFile; fileRef = DE6B1C5029E0938100D34877 /* Assets.xcassets */; };
		DE6B1C5429E0938100D34877 /* Preview Assets.xcassets in Resources */ = {isa = PBXBuildFile; fileRef = DE6B1C5329E0938100D34877 /* Preview Assets.xcassets */; };
/* End PBXBuildFile section */

/* Begin PBXFileReference section */
		DE320FBA29F038F300294EFE /* Constants.swift */ = {isa = PBXFileReference; lastKnownFileType = sourcecode.swift; path = Constants.swift; sourceTree = "<group>"; };
		DE320FBC29F03EED00294EFE /* ContactViewModel.swift */ = {isa = PBXFileReference; lastKnownFileType = sourcecode.swift; path = ContactViewModel.swift; sourceTree = "<group>"; };
		DE320FBE29F040E700294EFE /* QRCodeView.swift */ = {isa = PBXFileReference; lastKnownFileType = sourcecode.swift; path = QRCodeView.swift; sourceTree = "<group>"; };
		DE320FC229F05FEF00294EFE /* minfo_mock.png */ = {isa = PBXFileReference; lastKnownFileType = image.png; path = minfo_mock.png; sourceTree = "<group>"; };
		DE52912929F873AF00E0E6C4 /* GoogleService-Info.plist */ = {isa = PBXFileReference; fileEncoding = 4; lastKnownFileType = text.plist.xml; path = "GoogleService-Info.plist"; sourceTree = "<group>"; };
		DE52912E29F875A200E0E6C4 /* PDFModel.swift */ = {isa = PBXFileReference; lastKnownFileType = sourcecode.swift; path = PDFModel.swift; sourceTree = "<group>"; };
		DE5A3E9C29F9B36F00178DB1 /* QRCodeViewModel.swift */ = {isa = PBXFileReference; lastKnownFileType = sourcecode.swift; path = QRCodeViewModel.swift; sourceTree = "<group>"; };
		DE5A3E9E29F9B77000178DB1 /* AddContactView.swift */ = {isa = PBXFileReference; lastKnownFileType = sourcecode.swift; path = AddContactView.swift; sourceTree = "<group>"; };
		DE5A3EA029F9B78100178DB1 /* ContactInfoView.swift */ = {isa = PBXFileReference; lastKnownFileType = sourcecode.swift; path = ContactInfoView.swift; sourceTree = "<group>"; };
		DE6B1C4929E0938000D34877 /* OneCard-iOS.app */ = {isa = PBXFileReference; explicitFileType = wrapper.application; includeInIndex = 0; path = "OneCard-iOS.app"; sourceTree = BUILT_PRODUCTS_DIR; };
		DE6B1C4C29E0938000D34877 /* OneCard_iOSApp.swift */ = {isa = PBXFileReference; lastKnownFileType = sourcecode.swift; path = OneCard_iOSApp.swift; sourceTree = "<group>"; };
		DE6B1C4E29E0938000D34877 /* ContentView.swift */ = {isa = PBXFileReference; lastKnownFileType = sourcecode.swift; path = ContentView.swift; sourceTree = "<group>"; };
		DE6B1C5029E0938100D34877 /* Assets.xcassets */ = {isa = PBXFileReference; lastKnownFileType = folder.assetcatalog; path = Assets.xcassets; sourceTree = "<group>"; };
		DE6B1C5329E0938100D34877 /* Preview Assets.xcassets */ = {isa = PBXFileReference; lastKnownFileType = folder.assetcatalog; path = "Preview Assets.xcassets"; sourceTree = "<group>"; };
		DE6B1C5D29E0983500D34877 /* Info.plist */ = {isa = PBXFileReference; lastKnownFileType = text.plist; path = Info.plist; sourceTree = "<group>"; };
/* End PBXFileReference section */

/* Begin PBXFrameworksBuildPhase section */
		DE6B1C4629E0938000D34877 /* Frameworks */ = {
			isa = PBXFrameworksBuildPhase;
			buildActionMask = 2147483647;
			files = (
				DE52912D29F8744200E0E6C4 /* FirebaseStorage in Frameworks */,
				DE5A3E9B29F9A78B00178DB1 /* FirebaseDynamicLinks in Frameworks */,
			);
			runOnlyForDeploymentPostprocessing = 0;
		};
/* End PBXFrameworksBuildPhase section */

/* Begin PBXGroup section */
		DE5A3E9929F9A78B00178DB1 /* Frameworks */ = {
			isa = PBXGroup;
			children = (
			);
			name = Frameworks;
			sourceTree = "<group>";
		};
		DE6B1C4029E0938000D34877 = {
			isa = PBXGroup;
			children = (
				DE320FC229F05FEF00294EFE /* minfo_mock.png */,
				DE6B1C4B29E0938000D34877 /* OneCard-iOS */,
				DE6B1C4A29E0938000D34877 /* Products */,
				DE5A3E9929F9A78B00178DB1 /* Frameworks */,
			);
			sourceTree = "<group>";
		};
		DE6B1C4A29E0938000D34877 /* Products */ = {
			isa = PBXGroup;
			children = (
				DE6B1C4929E0938000D34877 /* OneCard-iOS.app */,
			);
			name = Products;
			sourceTree = "<group>";
		};
		DE6B1C4B29E0938000D34877 /* OneCard-iOS */ = {
			isa = PBXGroup;
			children = (
				DE6B1C5D29E0983500D34877 /* Info.plist */,
				DE6B1C4C29E0938000D34877 /* OneCard_iOSApp.swift */,
				DE6B1C4E29E0938000D34877 /* ContentView.swift */,
				DE320FBC29F03EED00294EFE /* ContactViewModel.swift */,
				DE5A3E9E29F9B77000178DB1 /* AddContactView.swift */,
				DE5A3EA029F9B78100178DB1 /* ContactInfoView.swift */,
				DE320FBE29F040E700294EFE /* QRCodeView.swift */,
				DE5A3E9C29F9B36F00178DB1 /* QRCodeViewModel.swift */,
				DE52912E29F875A200E0E6C4 /* PDFModel.swift */,
				DE320FBA29F038F300294EFE /* Constants.swift */,
				DE6B1C5029E0938100D34877 /* Assets.xcassets */,
				DE52912929F873AF00E0E6C4 /* GoogleService-Info.plist */,
				DE6B1C5229E0938100D34877 /* Preview Content */,
			);
			path = "OneCard-iOS";
			sourceTree = "<group>";
		};
		DE6B1C5229E0938100D34877 /* Preview Content */ = {
			isa = PBXGroup;
			children = (
				DE6B1C5329E0938100D34877 /* Preview Assets.xcassets */,
			);
			path = "Preview Content";
			sourceTree = "<group>";
		};
/* End PBXGroup section */

/* Begin PBXNativeTarget section */
		DE6B1C4829E0938000D34877 /* OneCard-iOS */ = {
			isa = PBXNativeTarget;
			buildConfigurationList = DE6B1C5729E0938100D34877 /* Build configuration list for PBXNativeTarget "OneCard-iOS" */;
			buildPhases = (
				DE6B1C4529E0938000D34877 /* Sources */,
				DE6B1C4629E0938000D34877 /* Frameworks */,
				DE6B1C4729E0938000D34877 /* Resources */,
			);
			buildRules = (
			);
			dependencies = (
			);
			name = "OneCard-iOS";
			packageProductDependencies = (
				DE52912C29F8744200E0E6C4 /* FirebaseStorage */,
				DE5A3E9A29F9A78B00178DB1 /* FirebaseDynamicLinks */,
			);
			productName = "OneCard-iOS";
			productReference = DE6B1C4929E0938000D34877 /* OneCard-iOS.app */;
			productType = "com.apple.product-type.application";
		};
/* End PBXNativeTarget section */

/* Begin PBXProject section */
		DE6B1C4129E0938000D34877 /* Project object */ = {
			isa = PBXProject;
			attributes = {
				BuildIndependentTargetsInParallel = 1;
				LastSwiftUpdateCheck = 1430;
				LastUpgradeCheck = 1430;
				TargetAttributes = {
					DE6B1C4829E0938000D34877 = {
						CreatedOnToolsVersion = 14.3;
					};
				};
			};
			buildConfigurationList = DE6B1C4429E0938000D34877 /* Build configuration list for PBXProject "OneCard-iOS" */;
			compatibilityVersion = "Xcode 14.0";
			developmentRegion = en;
			hasScannedForEncodings = 0;
			knownRegions = (
				en,
				Base,
			);
			mainGroup = DE6B1C4029E0938000D34877;
			packageReferences = (
				DE52912B29F8744200E0E6C4 /* XCRemoteSwiftPackageReference "firebase-ios-sdk" */,
			);
			productRefGroup = DE6B1C4A29E0938000D34877 /* Products */;
			projectDirPath = "";
			projectRoot = "";
			targets = (
				DE6B1C4829E0938000D34877 /* OneCard-iOS */,
			);
		};
/* End PBXProject section */

/* Begin PBXResourcesBuildPhase section */
		DE6B1C4729E0938000D34877 /* Resources */ = {
			isa = PBXResourcesBuildPhase;
			buildActionMask = 2147483647;
			files = (
				DE320FC329F05FEF00294EFE /* minfo_mock.png in Resources */,
				DE52912A29F873AF00E0E6C4 /* GoogleService-Info.plist in Resources */,
				DE6B1C5429E0938100D34877 /* Preview Assets.xcassets in Resources */,
				DE6B1C5129E0938100D34877 /* Assets.xcassets in Resources */,
			);
			runOnlyForDeploymentPostprocessing = 0;
		};
/* End PBXResourcesBuildPhase section */

/* Begin PBXSourcesBuildPhase section */
		DE6B1C4529E0938000D34877 /* Sources */ = {
			isa = PBXSourcesBuildPhase;
			buildActionMask = 2147483647;
			files = (
				DE52912F29F875A200E0E6C4 /* PDFModel.swift in Sources */,
				DE6B1C4F29E0938000D34877 /* ContentView.swift in Sources */,
				DE5A3EA129F9B78100178DB1 /* ContactInfoView.swift in Sources */,
				DE320FBD29F03EED00294EFE /* ContactViewModel.swift in Sources */,
				DE5A3E9F29F9B77000178DB1 /* AddContactView.swift in Sources */,
				DE320FBF29F040E700294EFE /* QRCodeView.swift in Sources */,
				DE6B1C4D29E0938000D34877 /* OneCard_iOSApp.swift in Sources */,
				DE5A3E9D29F9B36F00178DB1 /* QRCodeViewModel.swift in Sources */,
				DE320FBB29F038F300294EFE /* Constants.swift in Sources */,
			);
			runOnlyForDeploymentPostprocessing = 0;
		};
/* End PBXSourcesBuildPhase section */

/* Begin XCBuildConfiguration section */
		DE6B1C5529E0938100D34877 /* Debug */ = {
			isa = XCBuildConfiguration;
			buildSettings = {
				ALWAYS_SEARCH_USER_PATHS = NO;
				CLANG_ANALYZER_NONNULL = YES;
				CLANG_ANALYZER_NUMBER_OBJECT_CONVERSION = YES_AGGRESSIVE;
				CLANG_CXX_LANGUAGE_STANDARD = "gnu++20";
				CLANG_ENABLE_MODULES = YES;
				CLANG_ENABLE_OBJC_ARC = YES;
				CLANG_ENABLE_OBJC_WEAK = YES;
				CLANG_WARN_BLOCK_CAPTURE_AUTORELEASING = YES;
				CLANG_WARN_BOOL_CONVERSION = YES;
				CLANG_WARN_COMMA = YES;
				CLANG_WARN_CONSTANT_CONVERSION = YES;
				CLANG_WARN_DEPRECATED_OBJC_IMPLEMENTATIONS = YES;
				CLANG_WARN_DIRECT_OBJC_ISA_USAGE = YES_ERROR;
				CLANG_WARN_DOCUMENTATION_COMMENTS = YES;
				CLANG_WARN_EMPTY_BODY = YES;
				CLANG_WARN_ENUM_CONVERSION = YES;
				CLANG_WARN_INFINITE_RECURSION = YES;
				CLANG_WARN_INT_CONVERSION = YES;
				CLANG_WARN_NON_LITERAL_NULL_CONVERSION = YES;
				CLANG_WARN_OBJC_IMPLICIT_RETAIN_SELF = YES;
				CLANG_WARN_OBJC_LITERAL_CONVERSION = YES;
				CLANG_WARN_OBJC_ROOT_CLASS = YES_ERROR;
				CLANG_WARN_QUOTED_INCLUDE_IN_FRAMEWORK_HEADER = YES;
				CLANG_WARN_RANGE_LOOP_ANALYSIS = YES;
				CLANG_WARN_STRICT_PROTOTYPES = YES;
				CLANG_WARN_SUSPICIOUS_MOVE = YES;
				CLANG_WARN_UNGUARDED_AVAILABILITY = YES_AGGRESSIVE;
				CLANG_WARN_UNREACHABLE_CODE = YES;
				CLANG_WARN__DUPLICATE_METHOD_MATCH = YES;
				COPY_PHASE_STRIP = NO;
				DEBUG_INFORMATION_FORMAT = dwarf;
				ENABLE_STRICT_OBJC_MSGSEND = YES;
				ENABLE_TESTABILITY = YES;
				GCC_C_LANGUAGE_STANDARD = gnu11;
				GCC_DYNAMIC_NO_PIC = NO;
				GCC_NO_COMMON_BLOCKS = YES;
				GCC_OPTIMIZATION_LEVEL = 0;
				GCC_PREPROCESSOR_DEFINITIONS = (
					"DEBUG=1",
					"$(inherited)",
				);
				GCC_WARN_64_TO_32_BIT_CONVERSION = YES;
				GCC_WARN_ABOUT_RETURN_TYPE = YES_ERROR;
				GCC_WARN_UNDECLARED_SELECTOR = YES;
				GCC_WARN_UNINITIALIZED_AUTOS = YES_AGGRESSIVE;
				GCC_WARN_UNUSED_FUNCTION = YES;
				GCC_WARN_UNUSED_VARIABLE = YES;
				IPHONEOS_DEPLOYMENT_TARGET = 16.4;
				MTL_ENABLE_DEBUG_INFO = INCLUDE_SOURCE;
				MTL_FAST_MATH = YES;
				ONLY_ACTIVE_ARCH = YES;
				SDKROOT = iphoneos;
				SWIFT_ACTIVE_COMPILATION_CONDITIONS = DEBUG;
				SWIFT_OPTIMIZATION_LEVEL = "-Onone";
			};
			name = Debug;
		};
		DE6B1C5629E0938100D34877 /* Release */ = {
			isa = XCBuildConfiguration;
			buildSettings = {
				ALWAYS_SEARCH_USER_PATHS = NO;
				CLANG_ANALYZER_NONNULL = YES;
				CLANG_ANALYZER_NUMBER_OBJECT_CONVERSION = YES_AGGRESSIVE;
				CLANG_CXX_LANGUAGE_STANDARD = "gnu++20";
				CLANG_ENABLE_MODULES = YES;
				CLANG_ENABLE_OBJC_ARC = YES;
				CLANG_ENABLE_OBJC_WEAK = YES;
				CLANG_WARN_BLOCK_CAPTURE_AUTORELEASING = YES;
				CLANG_WARN_BOOL_CONVERSION = YES;
				CLANG_WARN_COMMA = YES;
				CLANG_WARN_CONSTANT_CONVERSION = YES;
				CLANG_WARN_DEPRECATED_OBJC_IMPLEMENTATIONS = YES;
				CLANG_WARN_DIRECT_OBJC_ISA_USAGE = YES_ERROR;
				CLANG_WARN_DOCUMENTATION_COMMENTS = YES;
				CLANG_WARN_EMPTY_BODY = YES;
				CLANG_WARN_ENUM_CONVERSION = YES;
				CLANG_WARN_INFINITE_RECURSION = YES;
				CLANG_WARN_INT_CONVERSION = YES;
				CLANG_WARN_NON_LITERAL_NULL_CONVERSION = YES;
				CLANG_WARN_OBJC_IMPLICIT_RETAIN_SELF = YES;
				CLANG_WARN_OBJC_LITERAL_CONVERSION = YES;
				CLANG_WARN_OBJC_ROOT_CLASS = YES_ERROR;
				CLANG_WARN_QUOTED_INCLUDE_IN_FRAMEWORK_HEADER = YES;
				CLANG_WARN_RANGE_LOOP_ANALYSIS = YES;
				CLANG_WARN_STRICT_PROTOTYPES = YES;
				CLANG_WARN_SUSPICIOUS_MOVE = YES;
				CLANG_WARN_UNGUARDED_AVAILABILITY = YES_AGGRESSIVE;
				CLANG_WARN_UNREACHABLE_CODE = YES;
				CLANG_WARN__DUPLICATE_METHOD_MATCH = YES;
				COPY_PHASE_STRIP = NO;
				DEBUG_INFORMATION_FORMAT = "dwarf-with-dsym";
				ENABLE_NS_ASSERTIONS = NO;
				ENABLE_STRICT_OBJC_MSGSEND = YES;
				GCC_C_LANGUAGE_STANDARD = gnu11;
				GCC_NO_COMMON_BLOCKS = YES;
				GCC_WARN_64_TO_32_BIT_CONVERSION = YES;
				GCC_WARN_ABOUT_RETURN_TYPE = YES_ERROR;
				GCC_WARN_UNDECLARED_SELECTOR = YES;
				GCC_WARN_UNINITIALIZED_AUTOS = YES_AGGRESSIVE;
				GCC_WARN_UNUSED_FUNCTION = YES;
				GCC_WARN_UNUSED_VARIABLE = YES;
				IPHONEOS_DEPLOYMENT_TARGET = 16.4;
				MTL_ENABLE_DEBUG_INFO = NO;
				MTL_FAST_MATH = YES;
				SDKROOT = iphoneos;
				SWIFT_COMPILATION_MODE = wholemodule;
				SWIFT_OPTIMIZATION_LEVEL = "-O";
				VALIDATE_PRODUCT = YES;
			};
			name = Release;
		};
		DE6B1C5829E0938100D34877 /* Debug */ = {
			isa = XCBuildConfiguration;
			buildSettings = {
				ASSETCATALOG_COMPILER_APPICON_NAME = AppIcon;
				ASSETCATALOG_COMPILER_GLOBAL_ACCENT_COLOR_NAME = AccentColor;
				CODE_SIGN_STYLE = Automatic;
				CURRENT_PROJECT_VERSION = 1;
				DEVELOPMENT_ASSET_PATHS = "\"OneCard-iOS/Preview Content\"";
				DEVELOPMENT_TEAM = VZ7FNTQXT5;
				ENABLE_PREVIEWS = YES;
				GENERATE_INFOPLIST_FILE = YES;
				INFOPLIST_FILE = "OneCard-iOS/Info.plist";
				INFOPLIST_KEY_UIApplicationSceneManifest_Generation = YES;
				INFOPLIST_KEY_UIApplicationSupportsIndirectInputEvents = YES;
				INFOPLIST_KEY_UILaunchScreen_Generation = YES;
				INFOPLIST_KEY_UISupportedInterfaceOrientations_iPad = "UIInterfaceOrientationPortrait UIInterfaceOrientationPortraitUpsideDown UIInterfaceOrientationLandscapeLeft UIInterfaceOrientationLandscapeRight";
				INFOPLIST_KEY_UISupportedInterfaceOrientations_iPhone = "UIInterfaceOrientationPortrait UIInterfaceOrientationLandscapeLeft UIInterfaceOrientationLandscapeRight";
				LD_RUNPATH_SEARCH_PATHS = (
					"$(inherited)",
					"@executable_path/Frameworks",
				);
				MARKETING_VERSION = 1.0;
				PRODUCT_BUNDLE_IDENTIFIER = "com.oiboi.OneCard-iOS";
				PRODUCT_NAME = "$(TARGET_NAME)";
				SWIFT_EMIT_LOC_STRINGS = YES;
				SWIFT_VERSION = 5.0;
				TARGETED_DEVICE_FAMILY = "1,2";
			};
			name = Debug;
		};
		DE6B1C5929E0938100D34877 /* Release */ = {
			isa = XCBuildConfiguration;
			buildSettings = {
				ASSETCATALOG_COMPILER_APPICON_NAME = AppIcon;
				ASSETCATALOG_COMPILER_GLOBAL_ACCENT_COLOR_NAME = AccentColor;
				CODE_SIGN_STYLE = Automatic;
				CURRENT_PROJECT_VERSION = 1;
				DEVELOPMENT_ASSET_PATHS = "\"OneCard-iOS/Preview Content\"";
				DEVELOPMENT_TEAM = VZ7FNTQXT5;
				ENABLE_PREVIEWS = YES;
				GENERATE_INFOPLIST_FILE = YES;
				INFOPLIST_FILE = "OneCard-iOS/Info.plist";
				INFOPLIST_KEY_UIApplicationSceneManifest_Generation = YES;
				INFOPLIST_KEY_UIApplicationSupportsIndirectInputEvents = YES;
				INFOPLIST_KEY_UILaunchScreen_Generation = YES;
				INFOPLIST_KEY_UISupportedInterfaceOrientations_iPad = "UIInterfaceOrientationPortrait UIInterfaceOrientationPortraitUpsideDown UIInterfaceOrientationLandscapeLeft UIInterfaceOrientationLandscapeRight";
				INFOPLIST_KEY_UISupportedInterfaceOrientations_iPhone = "UIInterfaceOrientationPortrait UIInterfaceOrientationLandscapeLeft UIInterfaceOrientationLandscapeRight";
				LD_RUNPATH_SEARCH_PATHS = (
					"$(inherited)",
					"@executable_path/Frameworks",
				);
				MARKETING_VERSION = 1.0;
				PRODUCT_BUNDLE_IDENTIFIER = "com.oiboi.OneCard-iOS";
				PRODUCT_NAME = "$(TARGET_NAME)";
				SWIFT_EMIT_LOC_STRINGS = YES;
				SWIFT_VERSION = 5.0;
				TARGETED_DEVICE_FAMILY = "1,2";
			};
			name = Release;
		};
/* End XCBuildConfiguration section */

/* Begin XCConfigurationList section */
		DE6B1C4429E0938000D34877 /* Build configuration list for PBXProject "OneCard-iOS" */ = {
			isa = XCConfigurationList;
			buildConfigurations = (
				DE6B1C5529E0938100D34877 /* Debug */,
				DE6B1C5629E0938100D34877 /* Release */,
			);
			defaultConfigurationIsVisible = 0;
			defaultConfigurationName = Release;
		};
		DE6B1C5729E0938100D34877 /* Build configuration list for PBXNativeTarget "OneCard-iOS" */ = {
			isa = XCConfigurationList;
			buildConfigurations = (
				DE6B1C5829E0938100D34877 /* Debug */,
				DE6B1C5929E0938100D34877 /* Release */,
			);
			defaultConfigurationIsVisible = 0;
			defaultConfigurationName = Release;
		};
/* End XCConfigurationList section */

/* Begin XCRemoteSwiftPackageReference section */
		DE52912B29F8744200E0E6C4 /* XCRemoteSwiftPackageReference "firebase-ios-sdk" */ = {
			isa = XCRemoteSwiftPackageReference;
			repositoryURL = "https://github.com/firebase/firebase-ios-sdk";
			requirement = {
				kind = upToNextMajorVersion;
				minimumVersion = 10.0.0;
			};
		};
/* End XCRemoteSwiftPackageReference section */

/* Begin XCSwiftPackageProductDependency section */
		DE52912C29F8744200E0E6C4 /* FirebaseStorage */ = {
			isa = XCSwiftPackageProductDependency;
			package = DE52912B29F8744200E0E6C4 /* XCRemoteSwiftPackageReference "firebase-ios-sdk" */;
			productName = FirebaseStorage;
		};
		DE5A3E9A29F9A78B00178DB1 /* FirebaseDynamicLinks */ = {
			isa = XCSwiftPackageProductDependency;
			package = DE52912B29F8744200E0E6C4 /* XCRemoteSwiftPackageReference "firebase-ios-sdk" */;
			productName = FirebaseDynamicLinks;
		};
/* End XCSwiftPackageProductDependency section */
	};
	rootObject = DE6B1C4129E0938000D34877 /* Project object */;
}
